
Microsoft Visual Studio Solution File, Format Version 12.00
# Visual Studio Version 17
VisualStudioVersion = 17.11.35312.102
MinimumVisualStudioVersion = 10.0.40219.1
Project("{9A19103F-16F7-4668-BE54-9A1E7A4F7556}") = "Wpf", "lab_3\Wpf.csproj", "{51AA666A-7D32-4AD7-9272-08FE30180EE3}"
EndProject
Project("{9A19103F-16F7-4668-BE54-9A1E7A4F7556}") = "DbFirst", "DbFirst\DbFirst.csproj", "{0E743ED6-DA78-4626-8DBD-2AB3DAA17BC3}"
EndProject
Project("{9A19103F-16F7-4668-BE54-9A1E7A4F7556}") = "Abstraction", "Abstraction\Abstraction.csproj", "{8BA55753-98EC-44A0-90E8-9D7A23EE17BC}"
EndProject
Project("{9A19103F-16F7-4668-BE54-9A1E7A4F7556}") = "API", "API\API.csproj", "{66ECC688-8F08-4415-AC63-7E916A8800ED}"
EndProject
Project("{9A19103F-16F7-4668-BE54-9A1E7A4F7556}") = "BLL", "BLL\BLL.csproj", "{EC736D9C-D504-4FFE-912D-ECC46D562A8A}"
EndProject
Project("{9A19103F-16F7-4668-BE54-9A1E7A4F7556}") = "CodeFirst1", "CodeFirst1\CodeFirst1.csproj", "{F43207B8-A7EB-4657-AAC7-FB8AEEE1363B}"
EndProject
Global
	GlobalSection(SolutionConfigurationPlatforms) = preSolution
		Debug|Any CPU = Debug|Any CPU
		Release|Any CPU = Release|Any CPU
	EndGlobalSection
	GlobalSection(ProjectConfigurationPlatforms) = postSolution
		{51AA666A-7D32-4AD7-9272-08FE30180EE3}.Debug|Any CPU.ActiveCfg = Debug|Any CPU
		{51AA666A-7D32-4AD7-9272-08FE30180EE3}.Debug|Any CPU.Build.0 = Debug|Any CPU
		{51AA666A-7D32-4AD7-9272-08FE30180EE3}.Release|Any CPU.ActiveCfg = Release|Any CPU
		{51AA666A-7D32-4AD7-9272-08FE30180EE3}.Release|Any CPU.Build.0 = Release|Any CPU
		{0E743ED6-DA78-4626-8DBD-2AB3DAA17BC3}.Debug|Any CPU.ActiveCfg = Debug|Any CPU
		{0E743ED6-DA78-4626-8DBD-2AB3DAA17BC3}.Debug|Any CPU.Build.0 = Debug|Any CPU
		{0E743ED6-DA78-4626-8DBD-2AB3DAA17BC3}.Release|Any CPU.ActiveCfg = Release|Any CPU
		{0E743ED6-DA78-4626-8DBD-2AB3DAA17BC3}.Release|Any CPU.Build.0 = Release|Any CPU
		{8BA55753-98EC-44A0-90E8-9D7A23EE17BC}.Debug|Any CPU.ActiveCfg = Debug|Any CPU
		{8BA55753-98EC-44A0-90E8-9D7A23EE17BC}.Debug|Any CPU.Build.0 = Debug|Any CPU
		{8BA55753-98EC-44A0-90E8-9D7A23EE17BC}.Release|Any CPU.ActiveCfg = Release|Any CPU
		{8BA55753-98EC-44A0-90E8-9D7A23EE17BC}.Release|Any CPU.Build.0 = Release|Any CPU
		{66ECC688-8F08-4415-AC63-7E916A8800ED}.Debug|Any CPU.ActiveCfg = Debug|Any CPU
		{66ECC688-8F08-4415-AC63-7E916A8800ED}.Debug|Any CPU.Build.0 = Debug|Any CPU
		{66ECC688-8F08-4415-AC63-7E916A8800ED}.Release|Any CPU.ActiveCfg = Release|Any CPU
		{66ECC688-8F08-4415-AC63-7E916A8800ED}.Release|Any CPU.Build.0 = Release|Any CPU
		{EC736D9C-D504-4FFE-912D-ECC46D562A8A}.Debug|Any CPU.ActiveCfg = Debug|Any CPU
		{EC736D9C-D504-4FFE-912D-ECC46D562A8A}.Debug|Any CPU.Build.0 = Debug|Any CPU
		{EC736D9C-D504-4FFE-912D-ECC46D562A8A}.Release|Any CPU.ActiveCfg = Release|Any CPU
		{EC736D9C-D504-4FFE-912D-ECC46D562A8A}.Release|Any CPU.Build.0 = Release|Any CPU
		{F43207B8-A7EB-4657-AAC7-FB8AEEE1363B}.Debug|Any CPU.ActiveCfg = Debug|Any CPU
		{F43207B8-A7EB-4657-AAC7-FB8AEEE1363B}.Debug|Any CPU.Build.0 = Debug|Any CPU
		{F43207B8-A7EB-4657-AAC7-FB8AEEE1363B}.Release|Any CPU.ActiveCfg = Release|Any CPU
		{F43207B8-A7EB-4657-AAC7-FB8AEEE1363B}.Release|Any CPU.Build.0 = Release|Any CPU
	EndGlobalSection
	GlobalSection(SolutionProperties) = preSolution
		HideSolutionNode = FALSE
	EndGlobalSection
	GlobalSection(ExtensibilityGlobals) = postSolution
		SolutionGuid = {E1EC28C8-AE12-4EA4-8830-ABBBD177BA19}
	EndGlobalSection
EndGlobal
