
Microsoft Visual Studio Solution File, Format Version 12.00
# Visual Studio Version 17
VisualStudioVersion = 17.11.35312.102
MinimumVisualStudioVersion = 10.0.40219.1
Project("{9A19103F-16F7-4668-BE54-9A1E7A4F7556}") = "lab_3", "lab_3\lab_3.csproj", "{51AA666A-7D32-4AD7-9272-08FE30180EE3}"
EndProject
Global
	GlobalSection(SolutionConfigurationPlatforms) = preSolution
		Debug|Any CPU = Debug|Any CPU
		Release|Any CPU = Release|Any CPU
	EndGlobalSection
	GlobalSection(ProjectConfigurationPlatforms) = postSolution
		{51AA666A-7D32-4AD7-9272-08FE30180EE3}.Debug|Any CPU.ActiveCfg = Debug|Any CPU
		{51AA666A-7D32-4AD7-9272-08FE30180EE3}.Debug|Any CPU.Build.0 = Debug|Any CPU
		{51AA666A-7D32-4AD7-9272-08FE30180EE3}.Release|Any CPU.ActiveCfg = Release|Any CPU
		{51AA666A-7D32-4AD7-9272-08FE30180EE3}.Release|Any CPU.Build.0 = Release|Any CPU
	EndGlobalSection
	GlobalSection(SolutionProperties) = preSolution
		HideSolutionNode = FALSE
	EndGlobalSection
	GlobalSection(ExtensibilityGlobals) = postSolution
		SolutionGuid = {E1EC28C8-AE12-4EA4-8830-ABBBD177BA19}
	EndGlobalSection
EndGlobal
